// !$*UTF8*$!
{
	archiveVersion = 1;
	classes = {
	};
	objectVersion = 55;
	objects = {

/* Begin PBXBuildFile section */
		9BC7838528F4FBD900CEEA6D /* AppDelegate.swift in Sources */ = {isa = PBXBuildFile; fileRef = 9BC7838428F4FBD900CEEA6D /* AppDelegate.swift */; };
		9BC7838728F4FBD900CEEA6D /* SceneDelegate.swift in Sources */ = {isa = PBXBuildFile; fileRef = 9BC7838628F4FBD900CEEA6D /* SceneDelegate.swift */; };
		9BC7838928F4FBD900CEEA6D /* HomeViewController.swift in Sources */ = {isa = PBXBuildFile; fileRef = 9BC7838828F4FBD900CEEA6D /* HomeViewController.swift */; };
		9BC7838C28F4FBD900CEEA6D /* Main.storyboard in Resources */ = {isa = PBXBuildFile; fileRef = 9BC7838A28F4FBD900CEEA6D /* Main.storyboard */; };
		9BC7838E28F4FBDB00CEEA6D /* Assets.xcassets in Resources */ = {isa = PBXBuildFile; fileRef = 9BC7838D28F4FBDB00CEEA6D /* Assets.xcassets */; };
		9BC7839128F4FBDB00CEEA6D /* LaunchScreen.storyboard in Resources */ = {isa = PBXBuildFile; fileRef = 9BC7838F28F4FBDB00CEEA6D /* LaunchScreen.storyboard */; };
		9BF37BAC28F50CBC008FE691 /* RestauranteUniversitarioViewController.swift in Sources */ = {isa = PBXBuildFile; fileRef = 9BF37BAB28F50CBC008FE691 /* RestauranteUniversitarioViewController.swift */; };
		9BF37BAE28F50E76008FE691 /* FretadoViewController.swift in Sources */ = {isa = PBXBuildFile; fileRef = 9BF37BAD28F50E76008FE691 /* FretadoViewController.swift */; };
		9BF37BB028F50E87008FE691 /* AgendaViewController.swift in Sources */ = {isa = PBXBuildFile; fileRef = 9BF37BAF28F50E87008FE691 /* AgendaViewController.swift */; };
/* End PBXBuildFile section */

/* Begin PBXFileReference section */
		9BC7838128F4FBD900CEEA6D /* InformaDEMO.app */ = {isa = PBXFileReference; explicitFileType = wrapper.application; includeInIndex = 0; path = InformaDEMO.app; sourceTree = BUILT_PRODUCTS_DIR; };
		9BC7838428F4FBD900CEEA6D /* AppDelegate.swift */ = {isa = PBXFileReference; lastKnownFileType = sourcecode.swift; path = AppDelegate.swift; sourceTree = "<group>"; };
		9BC7838628F4FBD900CEEA6D /* SceneDelegate.swift */ = {isa = PBXFileReference; lastKnownFileType = sourcecode.swift; path = SceneDelegate.swift; sourceTree = "<group>"; };
		9BC7838828F4FBD900CEEA6D /* HomeViewController.swift */ = {isa = PBXFileReference; lastKnownFileType = sourcecode.swift; path = HomeViewController.swift; sourceTree = "<group>"; };
		9BC7838B28F4FBD900CEEA6D /* Base */ = {isa = PBXFileReference; lastKnownFileType = file.storyboard; name = Base; path = Base.lproj/Main.storyboard; sourceTree = "<group>"; };
		9BC7838D28F4FBDB00CEEA6D /* Assets.xcassets */ = {isa = PBXFileReference; lastKnownFileType = folder.assetcatalog; path = Assets.xcassets; sourceTree = "<group>"; };
		9BC7839028F4FBDB00CEEA6D /* Base */ = {isa = PBXFileReference; lastKnownFileType = file.storyboard; name = Base; path = Base.lproj/LaunchScreen.storyboard; sourceTree = "<group>"; };
		9BC7839228F4FBDB00CEEA6D /* Info.plist */ = {isa = PBXFileReference; lastKnownFileType = text.plist.xml; path = Info.plist; sourceTree = "<group>"; };
		9BF37BAB28F50CBC008FE691 /* RestauranteUniversitarioViewController.swift */ = {isa = PBXFileReference; lastKnownFileType = sourcecode.swift; path = RestauranteUniversitarioViewController.swift; sourceTree = "<group>"; };
		9BF37BAD28F50E76008FE691 /* FretadoViewController.swift */ = {isa = PBXFileReference; lastKnownFileType = sourcecode.swift; path = FretadoViewController.swift; sourceTree = "<group>"; };
		9BF37BAF28F50E87008FE691 /* AgendaViewController.swift */ = {isa = PBXFileReference; lastKnownFileType = sourcecode.swift; path = AgendaViewController.swift; sourceTree = "<group>"; };
/* End PBXFileReference section */

/* Begin PBXFrameworksBuildPhase section */
		9BC7837E28F4FBD900CEEA6D /* Frameworks */ = {
			isa = PBXFrameworksBuildPhase;
			buildActionMask = 2147483647;
			files = (
			);
			runOnlyForDeploymentPostprocessing = 0;
		};
/* End PBXFrameworksBuildPhase section */

/* Begin PBXGroup section */
		9BC7837828F4FBD900CEEA6D = {
			isa = PBXGroup;
			children = (
				9BC7838328F4FBD900CEEA6D /* InformaDEMO */,
				9BC7838228F4FBD900CEEA6D /* Products */,
			);
			sourceTree = "<group>";
		};
		9BC7838228F4FBD900CEEA6D /* Products */ = {
			isa = PBXGroup;
			children = (
				9BC7838128F4FBD900CEEA6D /* InformaDEMO.app */,
			);
			name = Products;
			sourceTree = "<group>";
		};
		9BC7838328F4FBD900CEEA6D /* InformaDEMO */ = {
			isa = PBXGroup;
			children = (
				9BF37BB428F50EF8008FE691 /* Resources */,
				9BF37BB328F50E99008FE691 /* ViewModel */,
				9BF37BB228F50E93008FE691 /* View */,
				9BF37BB128F50E8D008FE691 /* Model */,
				9BC7839228F4FBDB00CEEA6D /* Info.plist */,
			);
			path = InformaDEMO;
			sourceTree = "<group>";
		};
		9BF37BB128F50E8D008FE691 /* Model */ = {
			isa = PBXGroup;
			children = (
			);
			path = Model;
			sourceTree = "<group>";
		};
		9BF37BB228F50E93008FE691 /* View */ = {
			isa = PBXGroup;
			children = (
				9BC7838A28F4FBD900CEEA6D /* Main.storyboard */,
				9BC7838F28F4FBDB00CEEA6D /* LaunchScreen.storyboard */,
				9BC7838828F4FBD900CEEA6D /* HomeViewController.swift */,
				9BF37BAB28F50CBC008FE691 /* RestauranteUniversitarioViewController.swift */,
				9BF37BAD28F50E76008FE691 /* FretadoViewController.swift */,
				9BF37BAF28F50E87008FE691 /* AgendaViewController.swift */,
			);
			path = View;
			sourceTree = "<group>";
		};
		9BF37BB328F50E99008FE691 /* ViewModel */ = {
			isa = PBXGroup;
			children = (
			);
			path = ViewModel;
			sourceTree = "<group>";
		};
		9BF37BB428F50EF8008FE691 /* Resources */ = {
			isa = PBXGroup;
			children = (
				9BC7838D28F4FBDB00CEEA6D /* Assets.xcassets */,
				9BC7838628F4FBD900CEEA6D /* SceneDelegate.swift */,
				9BC7838428F4FBD900CEEA6D /* AppDelegate.swift */,
			);
			path = Resources;
			sourceTree = "<group>";
		};
/* End PBXGroup section */

/* Begin PBXNativeTarget section */
		9BC7838028F4FBD900CEEA6D /* InformaDEMO */ = {
			isa = PBXNativeTarget;
			buildConfigurationList = 9BC7839528F4FBDB00CEEA6D /* Build configuration list for PBXNativeTarget "InformaDEMO" */;
			buildPhases = (
				9BC7837D28F4FBD900CEEA6D /* Sources */,
				9BC7837E28F4FBD900CEEA6D /* Frameworks */,
				9BC7837F28F4FBD900CEEA6D /* Resources */,
			);
			buildRules = (
			);
			dependencies = (
			);
			name = InformaDEMO;
			productName = InformaDEMO;
			productReference = 9BC7838128F4FBD900CEEA6D /* InformaDEMO.app */;
			productType = "com.apple.product-type.application";
		};
/* End PBXNativeTarget section */

/* Begin PBXProject section */
		9BC7837928F4FBD900CEEA6D /* Project object */ = {
			isa = PBXProject;
			attributes = {
				BuildIndependentTargetsInParallel = 1;
				LastSwiftUpdateCheck = 1320;
				LastUpgradeCheck = 1320;
				TargetAttributes = {
					9BC7838028F4FBD900CEEA6D = {
						CreatedOnToolsVersion = 13.2.1;
					};
				};
			};
			buildConfigurationList = 9BC7837C28F4FBD900CEEA6D /* Build configuration list for PBXProject "InformaDEMO" */;
			compatibilityVersion = "Xcode 13.0";
			developmentRegion = en;
			hasScannedForEncodings = 0;
			knownRegions = (
				en,
				Base,
			);
			mainGroup = 9BC7837828F4FBD900CEEA6D;
			productRefGroup = 9BC7838228F4FBD900CEEA6D /* Products */;
			projectDirPath = "";
			projectRoot = "";
			targets = (
				9BC7838028F4FBD900CEEA6D /* InformaDEMO */,
			);
		};
/* End PBXProject section */

/* Begin PBXResourcesBuildPhase section */
		9BC7837F28F4FBD900CEEA6D /* Resources */ = {
			isa = PBXResourcesBuildPhase;
			buildActionMask = 2147483647;
			files = (
				9BC7839128F4FBDB00CEEA6D /* LaunchScreen.storyboard in Resources */,
				9BC7838E28F4FBDB00CEEA6D /* Assets.xcassets in Resources */,
				9BC7838C28F4FBD900CEEA6D /* Main.storyboard in Resources */,
			);
			runOnlyForDeploymentPostprocessing = 0;
		};
/* End PBXResourcesBuildPhase section */

/* Begin PBXSourcesBuildPhase section */
		9BC7837D28F4FBD900CEEA6D /* Sources */ = {
			isa = PBXSourcesBuildPhase;
			buildActionMask = 2147483647;
			files = (
				9BF37BAC28F50CBC008FE691 /* RestauranteUniversitarioViewController.swift in Sources */,
				9BC7838928F4FBD900CEEA6D /* HomeViewController.swift in Sources */,
				9BF37BB028F50E87008FE691 /* AgendaViewController.swift in Sources */,
				9BC7838528F4FBD900CEEA6D /* AppDelegate.swift in Sources */,
				9BC7838728F4FBD900CEEA6D /* SceneDelegate.swift in Sources */,
				9BF37BAE28F50E76008FE691 /* FretadoViewController.swift in Sources */,
			);
			runOnlyForDeploymentPostprocessing = 0;
		};
/* End PBXSourcesBuildPhase section */

/* Begin PBXVariantGroup section */
		9BC7838A28F4FBD900CEEA6D /* Main.storyboard */ = {
			isa = PBXVariantGroup;
			children = (
				9BC7838B28F4FBD900CEEA6D /* Base */,
			);
			name = Main.storyboard;
			sourceTree = "<group>";
		};
		9BC7838F28F4FBDB00CEEA6D /* LaunchScreen.storyboard */ = {
			isa = PBXVariantGroup;
			children = (
				9BC7839028F4FBDB00CEEA6D /* Base */,
			);
			name = LaunchScreen.storyboard;
			sourceTree = "<group>";
		};
/* End PBXVariantGroup section */

/* Begin XCBuildConfiguration section */
		9BC7839328F4FBDB00CEEA6D /* Debug */ = {
			isa = XCBuildConfiguration;
			buildSettings = {
				ALWAYS_SEARCH_USER_PATHS = NO;
				CLANG_ANALYZER_NONNULL = YES;
				CLANG_ANALYZER_NUMBER_OBJECT_CONVERSION = YES_AGGRESSIVE;
				CLANG_CXX_LANGUAGE_STANDARD = "gnu++17";
				CLANG_CXX_LIBRARY = "libc++";
				CLANG_ENABLE_MODULES = YES;
				CLANG_ENABLE_OBJC_ARC = YES;
				CLANG_ENABLE_OBJC_WEAK = YES;
				CLANG_WARN_BLOCK_CAPTURE_AUTORELEASING = YES;
				CLANG_WARN_BOOL_CONVERSION = YES;
				CLANG_WARN_COMMA = YES;
				CLANG_WARN_CONSTANT_CONVERSION = YES;
				CLANG_WARN_DEPRECATED_OBJC_IMPLEMENTATIONS = YES;
				CLANG_WARN_DIRECT_OBJC_ISA_USAGE = YES_ERROR;
				CLANG_WARN_DOCUMENTATION_COMMENTS = YES;
				CLANG_WARN_EMPTY_BODY = YES;
				CLANG_WARN_ENUM_CONVERSION = YES;
				CLANG_WARN_INFINITE_RECURSION = YES;
				CLANG_WARN_INT_CONVERSION = YES;
				CLANG_WARN_NON_LITERAL_NULL_CONVERSION = YES;
				CLANG_WARN_OBJC_IMPLICIT_RETAIN_SELF = YES;
				CLANG_WARN_OBJC_LITERAL_CONVERSION = YES;
				CLANG_WARN_OBJC_ROOT_CLASS = YES_ERROR;
				CLANG_WARN_QUOTED_INCLUDE_IN_FRAMEWORK_HEADER = YES;
				CLANG_WARN_RANGE_LOOP_ANALYSIS = YES;
				CLANG_WARN_STRICT_PROTOTYPES = YES;
				CLANG_WARN_SUSPICIOUS_MOVE = YES;
				CLANG_WARN_UNGUARDED_AVAILABILITY = YES_AGGRESSIVE;
				CLANG_WARN_UNREACHABLE_CODE = YES;
				CLANG_WARN__DUPLICATE_METHOD_MATCH = YES;
				COPY_PHASE_STRIP = NO;
				DEBUG_INFORMATION_FORMAT = dwarf;
				ENABLE_STRICT_OBJC_MSGSEND = YES;
				ENABLE_TESTABILITY = YES;
				GCC_C_LANGUAGE_STANDARD = gnu11;
				GCC_DYNAMIC_NO_PIC = NO;
				GCC_NO_COMMON_BLOCKS = YES;
				GCC_OPTIMIZATION_LEVEL = 0;
				GCC_PREPROCESSOR_DEFINITIONS = (
					"DEBUG=1",
					"$(inherited)",
				);
				GCC_WARN_64_TO_32_BIT_CONVERSION = YES;
				GCC_WARN_ABOUT_RETURN_TYPE = YES_ERROR;
				GCC_WARN_UNDECLARED_SELECTOR = YES;
				GCC_WARN_UNINITIALIZED_AUTOS = YES_AGGRESSIVE;
				GCC_WARN_UNUSED_FUNCTION = YES;
				GCC_WARN_UNUSED_VARIABLE = YES;
				IPHONEOS_DEPLOYMENT_TARGET = 15.2;
				MTL_ENABLE_DEBUG_INFO = INCLUDE_SOURCE;
				MTL_FAST_MATH = YES;
				ONLY_ACTIVE_ARCH = YES;
				SDKROOT = iphoneos;
				SWIFT_ACTIVE_COMPILATION_CONDITIONS = DEBUG;
				SWIFT_OPTIMIZATION_LEVEL = "-Onone";
			};
			name = Debug;
		};
		9BC7839428F4FBDB00CEEA6D /* Release */ = {
			isa = XCBuildConfiguration;
			buildSettings = {
				ALWAYS_SEARCH_USER_PATHS = NO;
				CLANG_ANALYZER_NONNULL = YES;
				CLANG_ANALYZER_NUMBER_OBJECT_CONVERSION = YES_AGGRESSIVE;
				CLANG_CXX_LANGUAGE_STANDARD = "gnu++17";
				CLANG_CXX_LIBRARY = "libc++";
				CLANG_ENABLE_MODULES = YES;
				CLANG_ENABLE_OBJC_ARC = YES;
				CLANG_ENABLE_OBJC_WEAK = YES;
				CLANG_WARN_BLOCK_CAPTURE_AUTORELEASING = YES;
				CLANG_WARN_BOOL_CONVERSION = YES;
				CLANG_WARN_COMMA = YES;
				CLANG_WARN_CONSTANT_CONVERSION = YES;
				CLANG_WARN_DEPRECATED_OBJC_IMPLEMENTATIONS = YES;
				CLANG_WARN_DIRECT_OBJC_ISA_USAGE = YES_ERROR;
				CLANG_WARN_DOCUMENTATION_COMMENTS = YES;
				CLANG_WARN_EMPTY_BODY = YES;
				CLANG_WARN_ENUM_CONVERSION = YES;
				CLANG_WARN_INFINITE_RECURSION = YES;
				CLANG_WARN_INT_CONVERSION = YES;
				CLANG_WARN_NON_LITERAL_NULL_CONVERSION = YES;
				CLANG_WARN_OBJC_IMPLICIT_RETAIN_SELF = YES;
				CLANG_WARN_OBJC_LITERAL_CONVERSION = YES;
				CLANG_WARN_OBJC_ROOT_CLASS = YES_ERROR;
				CLANG_WARN_QUOTED_INCLUDE_IN_FRAMEWORK_HEADER = YES;
				CLANG_WARN_RANGE_LOOP_ANALYSIS = YES;
				CLANG_WARN_STRICT_PROTOTYPES = YES;
				CLANG_WARN_SUSPICIOUS_MOVE = YES;
				CLANG_WARN_UNGUARDED_AVAILABILITY = YES_AGGRESSIVE;
				CLANG_WARN_UNREACHABLE_CODE = YES;
				CLANG_WARN__DUPLICATE_METHOD_MATCH = YES;
				COPY_PHASE_STRIP = NO;
				DEBUG_INFORMATION_FORMAT = "dwarf-with-dsym";
				ENABLE_NS_ASSERTIONS = NO;
				ENABLE_STRICT_OBJC_MSGSEND = YES;
				GCC_C_LANGUAGE_STANDARD = gnu11;
				GCC_NO_COMMON_BLOCKS = YES;
				GCC_WARN_64_TO_32_BIT_CONVERSION = YES;
				GCC_WARN_ABOUT_RETURN_TYPE = YES_ERROR;
				GCC_WARN_UNDECLARED_SELECTOR = YES;
				GCC_WARN_UNINITIALIZED_AUTOS = YES_AGGRESSIVE;
				GCC_WARN_UNUSED_FUNCTION = YES;
				GCC_WARN_UNUSED_VARIABLE = YES;
				IPHONEOS_DEPLOYMENT_TARGET = 15.2;
				MTL_ENABLE_DEBUG_INFO = NO;
				MTL_FAST_MATH = YES;
				SDKROOT = iphoneos;
				SWIFT_COMPILATION_MODE = wholemodule;
				SWIFT_OPTIMIZATION_LEVEL = "-O";
				VALIDATE_PRODUCT = YES;
			};
			name = Release;
		};
		9BC7839628F4FBDB00CEEA6D /* Debug */ = {
			isa = XCBuildConfiguration;
			buildSettings = {
				ASSETCATALOG_COMPILER_APPICON_NAME = AppIcon;
				ASSETCATALOG_COMPILER_GLOBAL_ACCENT_COLOR_NAME = AccentColor;
				CODE_SIGN_STYLE = Automatic;
				CURRENT_PROJECT_VERSION = 1;
				GENERATE_INFOPLIST_FILE = YES;
				INFOPLIST_FILE = InformaDEMO/Info.plist;
				INFOPLIST_KEY_UIApplicationSupportsIndirectInputEvents = YES;
				INFOPLIST_KEY_UILaunchStoryboardName = LaunchScreen;
				INFOPLIST_KEY_UIMainStoryboardFile = Main;
				INFOPLIST_KEY_UISupportedInterfaceOrientations = "";
				INFOPLIST_KEY_UISupportedInterfaceOrientations_iPad = "UIInterfaceOrientationPortrait UIInterfaceOrientationPortraitUpsideDown UIInterfaceOrientationLandscapeLeft UIInterfaceOrientationLandscapeRight";
				INFOPLIST_KEY_UISupportedInterfaceOrientations_iPhone = "UIInterfaceOrientationPortrait UIInterfaceOrientationLandscapeLeft UIInterfaceOrientationLandscapeRight";
				LD_RUNPATH_SEARCH_PATHS = (
					"$(inherited)",
					"@executable_path/Frameworks",
				);
				MARKETING_VERSION = 1.0;
				PRODUCT_BUNDLE_IDENTIFIER = br.com.sara.InformaDEMO;
				PRODUCT_NAME = "$(TARGET_NAME)";
				SWIFT_EMIT_LOC_STRINGS = YES;
				SWIFT_VERSION = 5.0;
				TARGETED_DEVICE_FAMILY = "1,2";
			};
			name = Debug;
		};
		9BC7839728F4FBDB00CEEA6D /* Release */ = {
			isa = XCBuildConfiguration;
			buildSettings = {
				ASSETCATALOG_COMPILER_APPICON_NAME = AppIcon;
				ASSETCATALOG_COMPILER_GLOBAL_ACCENT_COLOR_NAME = AccentColor;
				CODE_SIGN_STYLE = Automatic;
				CURRENT_PROJECT_VERSION = 1;
				GENERATE_INFOPLIST_FILE = YES;
				INFOPLIST_FILE = InformaDEMO/Info.plist;
				INFOPLIST_KEY_UIApplicationSupportsIndirectInputEvents = YES;
				INFOPLIST_KEY_UILaunchStoryboardName = LaunchScreen;
				INFOPLIST_KEY_UIMainStoryboardFile = Main;
				INFOPLIST_KEY_UISupportedInterfaceOrientations = "";
				INFOPLIST_KEY_UISupportedInterfaceOrientations_iPad = "UIInterfaceOrientationPortrait UIInterfaceOrientationPortraitUpsideDown UIInterfaceOrientationLandscapeLeft UIInterfaceOrientationLandscapeRight";
				INFOPLIST_KEY_UISupportedInterfaceOrientations_iPhone = "UIInterfaceOrientationPortrait UIInterfaceOrientationLandscapeLeft UIInterfaceOrientationLandscapeRight";
				LD_RUNPATH_SEARCH_PATHS = (
					"$(inherited)",
					"@executable_path/Frameworks",
				);
				MARKETING_VERSION = 1.0;
				PRODUCT_BUNDLE_IDENTIFIER = br.com.sara.InformaDEMO;
				PRODUCT_NAME = "$(TARGET_NAME)";
				SWIFT_EMIT_LOC_STRINGS = YES;
				SWIFT_VERSION = 5.0;
				TARGETED_DEVICE_FAMILY = "1,2";
			};
			name = Release;
		};
/* End XCBuildConfiguration section */

/* Begin XCConfigurationList section */
		9BC7837C28F4FBD900CEEA6D /* Build configuration list for PBXProject "InformaDEMO" */ = {
			isa = XCConfigurationList;
			buildConfigurations = (
				9BC7839328F4FBDB00CEEA6D /* Debug */,
				9BC7839428F4FBDB00CEEA6D /* Release */,
			);
			defaultConfigurationIsVisible = 0;
			defaultConfigurationName = Release;
		};
		9BC7839528F4FBDB00CEEA6D /* Build configuration list for PBXNativeTarget "InformaDEMO" */ = {
			isa = XCConfigurationList;
			buildConfigurations = (
				9BC7839628F4FBDB00CEEA6D /* Debug */,
				9BC7839728F4FBDB00CEEA6D /* Release */,
			);
			defaultConfigurationIsVisible = 0;
			defaultConfigurationName = Release;
		};
/* End XCConfigurationList section */
	};
	rootObject = 9BC7837928F4FBD900CEEA6D /* Project object */;
}
